# Generated by pub
# See https://dart.dev/tools/pub/glossary#lockfile
packages:
  path_dependency:
    dependency: "direct main"
    description:
      path: "../path_dependency"
      relative: true
    source: path
    version: "1.0.0"
  path_dev_dependency:
    dependency: "direct dev"
    description:
      path: "../path_dev_dependency"
      relative: true
    source: path
    version: "1.0.0"
sdks:
  dart: ">=2.10.0 <3.0.0"
